
Microsoft Visual Studio Solution File, Format Version 12.00
# Visual Studio Version 16
VisualStudioVersion = 16.0.30204.135
MinimumVisualStudioVersion = 10.0.40219.1
Project("{FAE04EC0-301F-11D3-BF4B-00C04F79EFBC}") = "FindFactorial", "FindFactorial\FindFactorial.csproj", "{2D5F7EA4-3678-494D-9D2E-670772952817}"
EndProject
Global
	GlobalSection(SolutionConfigurationPlatforms) = preSolution
		Debug|Any CPU = Debug|Any CPU
		Release|Any CPU = Release|Any CPU
	EndGlobalSection
	GlobalSection(ProjectConfigurationPlatforms) = postSolution
		{2D5F7EA4-3678-494D-9D2E-670772952817}.Debug|Any CPU.ActiveCfg = Debug|Any CPU
		{2D5F7EA4-3678-494D-9D2E-670772952817}.Debug|Any CPU.Build.0 = Debug|Any CPU
		{2D5F7EA4-3678-494D-9D2E-670772952817}.Release|Any CPU.ActiveCfg = Release|Any CPU
		{2D5F7EA4-3678-494D-9D2E-670772952817}.Release|Any CPU.Build.0 = Release|Any CPU
	EndGlobalSection
	GlobalSection(SolutionProperties) = preSolution
		HideSolutionNode = FALSE
	EndGlobalSection
	GlobalSection(ExtensibilityGlobals) = postSolution
		SolutionGuid = {2F7DDD70-8A8C-4785-B589-CA87FD396095}
	EndGlobalSection
EndGlobal
